# generated by rye
# use `rye lock` or `rye sync` to update this lockfile
#
# last locked with the following flags:
#   pre: false
#   features: []
#   all-features: false
#   with-sources: false

attrs==23.2.0
    # via cattrs
    # via jsii
cattrs==23.2.3
    # via jsii
cdktf==0.20.4
    # via cdktf-cdktf-provider-aws
    # via cdktf-cdktf-provider-azurerm
    # via cdktf-cdktf-provider-google
cdktf-cdktf-provider-aws==19.8.1
cdktf-cdktf-provider-azurerm==12.8.0
cdktf-cdktf-provider-google==13.8.0
constructs==10.3.0
    # via cdktf
    # via cdktf-cdktf-provider-aws
    # via cdktf-cdktf-provider-azurerm
    # via cdktf-cdktf-provider-google
importlib-resources==6.1.2
    # via jsii
iniconfig==2.0.0
    # via pytest
jsii==1.95.0
    # via cdktf
    # via cdktf-cdktf-provider-aws
    # via cdktf-cdktf-provider-azurerm
    # via cdktf-cdktf-provider-google
    # via constructs
packaging==23.2
    # via pytest
pluggy==1.4.0
    # via pytest
publication==0.0.3
    # via cdktf
    # via cdktf-cdktf-provider-aws
    # via cdktf-cdktf-provider-azurerm
    # via cdktf-cdktf-provider-google
    # via constructs
    # via jsii
pytest==8.0.2
python-dateutil==2.9.0.post0
    # via jsii
six==1.16.0
    # via python-dateutil
typeguard==2.13.3
    # via cdktf
    # via cdktf-cdktf-provider-aws
    # via cdktf-cdktf-provider-azurerm
    # via cdktf-cdktf-provider-google
    # via constructs
    # via jsii
typing-extensions==4.10.0
    # via jsii
